// !$*UTF8*$!
{
	archiveVersion = 1;
	classes = {
	};
	objectVersion = 50;
	objects = {

/* Begin PBXBuildFile section */
		1E80820E9668ECC54D89BCE3 /* Pods_arUITests.framework in Frameworks */ = {isa = PBXBuildFile; fileRef = D056C72C21242E4745E1A85D /* Pods_arUITests.framework */; };
		4DDA2D89F930DCB3F5F9DB9B /* Pods_ar.framework in Frameworks */ = {isa = PBXBuildFile; fileRef = B93615100EB9E33A98F21943 /* Pods_ar.framework */; };
		97206E4FF34FE23D2D389AA2 /* Pods_arTests.framework in Frameworks */ = {isa = PBXBuildFile; fileRef = 073DE3480C1A8CB685F7829E /* Pods_arTests.framework */; };
		DD3DD657201D07F300D8C636 /* AppDelegate.swift in Sources */ = {isa = PBXBuildFile; fileRef = DD3DD656201D07F300D8C636 /* AppDelegate.swift */; };
		DD3DD659201D07F300D8C636 /* art.scnassets in Resources */ = {isa = PBXBuildFile; fileRef = DD3DD658201D07F300D8C636 /* art.scnassets */; };
		DD3DD65B201D07F300D8C636 /* ViewController.swift in Sources */ = {isa = PBXBuildFile; fileRef = DD3DD65A201D07F300D8C636 /* ViewController.swift */; };
		DD3DD65E201D07F400D8C636 /* Main.storyboard in Resources */ = {isa = PBXBuildFile; fileRef = DD3DD65C201D07F400D8C636 /* Main.storyboard */; };
		DD3DD660201D07FF00D8C636 /* Assets.xcassets in Resources */ = {isa = PBXBuildFile; fileRef = DD3DD65F201D07FF00D8C636 /* Assets.xcassets */; };
		DD3DD663201D07FF00D8C636 /* LaunchScreen.storyboard in Resources */ = {isa = PBXBuildFile; fileRef = DD3DD661201D07FF00D8C636 /* LaunchScreen.storyboard */; };
		DD3DD66E201D080000D8C636 /* arTests.swift in Sources */ = {isa = PBXBuildFile; fileRef = DD3DD66D201D080000D8C636 /* arTests.swift */; };
		DD3DD679201D080100D8C636 /* arUITests.swift in Sources */ = {isa = PBXBuildFile; fileRef = DD3DD678201D080100D8C636 /* arUITests.swift */; };
		DD3DD691201D0C1600D8C636 /* SCNVector3+Extensions.swift in Sources */ = {isa = PBXBuildFile; fileRef = DD3DD687201D0C1500D8C636 /* SCNVector3+Extensions.swift */; };
		DD3DD692201D0C1600D8C636 /* SceneLocationEstimate.swift in Sources */ = {isa = PBXBuildFile; fileRef = DD3DD688201D0C1500D8C636 /* SceneLocationEstimate.swift */; };
		DD3DD693201D0C1600D8C636 /* SceneLocationEstimate+Extensions.swift in Sources */ = {isa = PBXBuildFile; fileRef = DD3DD689201D0C1500D8C636 /* SceneLocationEstimate+Extensions.swift */; };
		DD3DD694201D0C1600D8C636 /* FloatingPoint+Radians.swift in Sources */ = {isa = PBXBuildFile; fileRef = DD3DD68A201D0C1500D8C636 /* FloatingPoint+Radians.swift */; };
		DD3DD695201D0C1600D8C636 /* LocationNode.swift in Sources */ = {isa = PBXBuildFile; fileRef = DD3DD68B201D0C1500D8C636 /* LocationNode.swift */; };
		DD3DD696201D0C1600D8C636 /* CGPoint+Extensions.swift in Sources */ = {isa = PBXBuildFile; fileRef = DD3DD68C201D0C1500D8C636 /* CGPoint+Extensions.swift */; };
		DD3DD697201D0C1600D8C636 /* CLLocation+Extensions.swift in Sources */ = {isa = PBXBuildFile; fileRef = DD3DD68D201D0C1500D8C636 /* CLLocation+Extensions.swift */; };
		DD3DD698201D0C1600D8C636 /* SceneLocationView.swift in Sources */ = {isa = PBXBuildFile; fileRef = DD3DD68E201D0C1500D8C636 /* SceneLocationView.swift */; };
		DD3DD699201D0C1600D8C636 /* LocationManager.swift in Sources */ = {isa = PBXBuildFile; fileRef = DD3DD68F201D0C1500D8C636 /* LocationManager.swift */; };
		DD3DD69A201D0C1600D8C636 /* SCNNode+Extensions.swift in Sources */ = {isa = PBXBuildFile; fileRef = DD3DD690201D0C1500D8C636 /* SCNNode+Extensions.swift */; };
		DD3DD6D8201E969500D8C636 /* GoogleService-Info.plist in Resources */ = {isa = PBXBuildFile; fileRef = DD3DD6D7201E969400D8C636 /* GoogleService-Info.plist */; };
		DD3DD6E6201E9A6A00D8C636 /* nanopb.framework in Frameworks */ = {isa = PBXBuildFile; fileRef = DD3DD6E5201E9A6A00D8C636 /* nanopb.framework */; };
		DD3DD6EA201E9AB400D8C636 /* leveldb-library.framework in Frameworks */ = {isa = PBXBuildFile; fileRef = DD3DD6E9201E9AB400D8C636 /* leveldb-library.framework */; };
		DDE3EF902020FAED00F0F3ED /* LoginController.swift in Sources */ = {isa = PBXBuildFile; fileRef = DDE3EF8F2020FAED00F0F3ED /* LoginController.swift */; };
/* End PBXBuildFile section */

/* Begin PBXContainerItemProxy section */
		DD3DD66A201D080000D8C636 /* PBXContainerItemProxy */ = {
			isa = PBXContainerItemProxy;
			containerPortal = DD3DD64B201D07F300D8C636 /* Project object */;
			proxyType = 1;
			remoteGlobalIDString = DD3DD652201D07F300D8C636;
			remoteInfo = ar;
		};
		DD3DD675201D080100D8C636 /* PBXContainerItemProxy */ = {
			isa = PBXContainerItemProxy;
			containerPortal = DD3DD64B201D07F300D8C636 /* Project object */;
			proxyType = 1;
			remoteGlobalIDString = DD3DD652201D07F300D8C636;
			remoteInfo = ar;
		};
/* End PBXContainerItemProxy section */

/* Begin PBXFileReference section */
		073DE3480C1A8CB685F7829E /* Pods_arTests.framework */ = {isa = PBXFileReference; explicitFileType = wrapper.framework; includeInIndex = 0; path = Pods_arTests.framework; sourceTree = BUILT_PRODUCTS_DIR; };
		14AB89D630CACF96A2D39239 /* Pods-arUITests.debug.xcconfig */ = {isa = PBXFileReference; includeInIndex = 1; lastKnownFileType = text.xcconfig; name = "Pods-arUITests.debug.xcconfig"; path = "Pods/Target Support Files/Pods-arUITests/Pods-arUITests.debug.xcconfig"; sourceTree = "<group>"; };
		66ED8EBAA08206443B292C50 /* Pods-ar.release.xcconfig */ = {isa = PBXFileReference; includeInIndex = 1; lastKnownFileType = text.xcconfig; name = "Pods-ar.release.xcconfig"; path = "Pods/Target Support Files/Pods-ar/Pods-ar.release.xcconfig"; sourceTree = "<group>"; };
		8F74F5FDA190C36FF4E4FC5A /* Pods-arTests.release.xcconfig */ = {isa = PBXFileReference; includeInIndex = 1; lastKnownFileType = text.xcconfig; name = "Pods-arTests.release.xcconfig"; path = "Pods/Target Support Files/Pods-arTests/Pods-arTests.release.xcconfig"; sourceTree = "<group>"; };
		B90013F3631A4979D912120E /* Pods-arTests.debug.xcconfig */ = {isa = PBXFileReference; includeInIndex = 1; lastKnownFileType = text.xcconfig; name = "Pods-arTests.debug.xcconfig"; path = "Pods/Target Support Files/Pods-arTests/Pods-arTests.debug.xcconfig"; sourceTree = "<group>"; };
		B93615100EB9E33A98F21943 /* Pods_ar.framework */ = {isa = PBXFileReference; explicitFileType = wrapper.framework; includeInIndex = 0; path = Pods_ar.framework; sourceTree = BUILT_PRODUCTS_DIR; };
		CB6BC6C6479109CFB5EA3EAD /* Pods-ar.debug.xcconfig */ = {isa = PBXFileReference; includeInIndex = 1; lastKnownFileType = text.xcconfig; name = "Pods-ar.debug.xcconfig"; path = "Pods/Target Support Files/Pods-ar/Pods-ar.debug.xcconfig"; sourceTree = "<group>"; };
		D056C72C21242E4745E1A85D /* Pods_arUITests.framework */ = {isa = PBXFileReference; explicitFileType = wrapper.framework; includeInIndex = 0; path = Pods_arUITests.framework; sourceTree = BUILT_PRODUCTS_DIR; };
		DD3DD653201D07F300D8C636 /* ar.app */ = {isa = PBXFileReference; explicitFileType = wrapper.application; includeInIndex = 0; path = ar.app; sourceTree = BUILT_PRODUCTS_DIR; };
		DD3DD656201D07F300D8C636 /* AppDelegate.swift */ = {isa = PBXFileReference; lastKnownFileType = sourcecode.swift; path = AppDelegate.swift; sourceTree = "<group>"; };
		DD3DD658201D07F300D8C636 /* art.scnassets */ = {isa = PBXFileReference; lastKnownFileType = wrapper.scnassets; path = art.scnassets; sourceTree = "<group>"; };
		DD3DD65A201D07F300D8C636 /* ViewController.swift */ = {isa = PBXFileReference; lastKnownFileType = sourcecode.swift; path = ViewController.swift; sourceTree = "<group>"; };
		DD3DD65D201D07F400D8C636 /* Base */ = {isa = PBXFileReference; lastKnownFileType = file.storyboard; name = Base; path = Base.lproj/Main.storyboard; sourceTree = "<group>"; };
		DD3DD65F201D07FF00D8C636 /* Assets.xcassets */ = {isa = PBXFileReference; lastKnownFileType = folder.assetcatalog; path = Assets.xcassets; sourceTree = "<group>"; };
		DD3DD662201D07FF00D8C636 /* Base */ = {isa = PBXFileReference; lastKnownFileType = file.storyboard; name = Base; path = Base.lproj/LaunchScreen.storyboard; sourceTree = "<group>"; };
		DD3DD664201D07FF00D8C636 /* Info.plist */ = {isa = PBXFileReference; lastKnownFileType = text.plist.xml; path = Info.plist; sourceTree = "<group>"; };
		DD3DD669201D080000D8C636 /* arTests.xctest */ = {isa = PBXFileReference; explicitFileType = wrapper.cfbundle; includeInIndex = 0; path = arTests.xctest; sourceTree = BUILT_PRODUCTS_DIR; };
		DD3DD66D201D080000D8C636 /* arTests.swift */ = {isa = PBXFileReference; lastKnownFileType = sourcecode.swift; path = arTests.swift; sourceTree = "<group>"; };
		DD3DD66F201D080000D8C636 /* Info.plist */ = {isa = PBXFileReference; lastKnownFileType = text.plist.xml; path = Info.plist; sourceTree = "<group>"; };
		DD3DD674201D080100D8C636 /* arUITests.xctest */ = {isa = PBXFileReference; explicitFileType = wrapper.cfbundle; includeInIndex = 0; path = arUITests.xctest; sourceTree = BUILT_PRODUCTS_DIR; };
		DD3DD678201D080100D8C636 /* arUITests.swift */ = {isa = PBXFileReference; lastKnownFileType = sourcecode.swift; path = arUITests.swift; sourceTree = "<group>"; };
		DD3DD67A201D080100D8C636 /* Info.plist */ = {isa = PBXFileReference; lastKnownFileType = text.plist.xml; path = Info.plist; sourceTree = "<group>"; };
		DD3DD687201D0C1500D8C636 /* SCNVector3+Extensions.swift */ = {isa = PBXFileReference; fileEncoding = 4; lastKnownFileType = sourcecode.swift; path = "SCNVector3+Extensions.swift"; sourceTree = "<group>"; };
		DD3DD688201D0C1500D8C636 /* SceneLocationEstimate.swift */ = {isa = PBXFileReference; fileEncoding = 4; lastKnownFileType = sourcecode.swift; path = SceneLocationEstimate.swift; sourceTree = "<group>"; };
		DD3DD689201D0C1500D8C636 /* SceneLocationEstimate+Extensions.swift */ = {isa = PBXFileReference; fileEncoding = 4; lastKnownFileType = sourcecode.swift; path = "SceneLocationEstimate+Extensions.swift"; sourceTree = "<group>"; };
		DD3DD68A201D0C1500D8C636 /* FloatingPoint+Radians.swift */ = {isa = PBXFileReference; fileEncoding = 4; lastKnownFileType = sourcecode.swift; path = "FloatingPoint+Radians.swift"; sourceTree = "<group>"; };
		DD3DD68B201D0C1500D8C636 /* LocationNode.swift */ = {isa = PBXFileReference; fileEncoding = 4; lastKnownFileType = sourcecode.swift; path = LocationNode.swift; sourceTree = "<group>"; };
		DD3DD68C201D0C1500D8C636 /* CGPoint+Extensions.swift */ = {isa = PBXFileReference; fileEncoding = 4; lastKnownFileType = sourcecode.swift; path = "CGPoint+Extensions.swift"; sourceTree = "<group>"; };
		DD3DD68D201D0C1500D8C636 /* CLLocation+Extensions.swift */ = {isa = PBXFileReference; fileEncoding = 4; lastKnownFileType = sourcecode.swift; path = "CLLocation+Extensions.swift"; sourceTree = "<group>"; };
		DD3DD68E201D0C1500D8C636 /* SceneLocationView.swift */ = {isa = PBXFileReference; fileEncoding = 4; lastKnownFileType = sourcecode.swift; path = SceneLocationView.swift; sourceTree = "<group>"; };
		DD3DD68F201D0C1500D8C636 /* LocationManager.swift */ = {isa = PBXFileReference; fileEncoding = 4; lastKnownFileType = sourcecode.swift; path = LocationManager.swift; sourceTree = "<group>"; };
		DD3DD690201D0C1500D8C636 /* SCNNode+Extensions.swift */ = {isa = PBXFileReference; fileEncoding = 4; lastKnownFileType = sourcecode.swift; path = "SCNNode+Extensions.swift"; sourceTree = "<group>"; };
		DD3DD6D7201E969400D8C636 /* GoogleService-Info.plist */ = {isa = PBXFileReference; fileEncoding = 4; lastKnownFileType = text.plist.xml; path = "GoogleService-Info.plist"; sourceTree = "<group>"; };
		DD3DD6E5201E9A6A00D8C636 /* nanopb.framework */ = {isa = PBXFileReference; lastKnownFileType = wrapper.framework; path = nanopb.framework; sourceTree = "<group>"; };
		DD3DD6E9201E9AB400D8C636 /* leveldb-library.framework */ = {isa = PBXFileReference; lastKnownFileType = wrapper.framework; path = "leveldb-library.framework"; sourceTree = "<group>"; };
		DD3DD6EB201E9B6200D8C636 /* module.modulemap */ = {isa = PBXFileReference; lastKnownFileType = "sourcecode.module-map"; path = module.modulemap; sourceTree = "<group>"; };
		DDE3EF8B201E9FA100F0F3ED /* Firebase.h */ = {isa = PBXFileReference; lastKnownFileType = sourcecode.c.h; path = Firebase.h; sourceTree = "<group>"; };
		DDE3EF8E201EA83000F0F3ED /* scavenger-bridging-header copy.h */ = {isa = PBXFileReference; lastKnownFileType = sourcecode.c.h; path = "scavenger-bridging-header copy.h"; sourceTree = "<group>"; };
		DDE3EF8F2020FAED00F0F3ED /* LoginController.swift */ = {isa = PBXFileReference; lastKnownFileType = sourcecode.swift; path = LoginController.swift; sourceTree = "<group>"; };
		DDE3EF9120225C0000F0F3ED /* ar.entitlements */ = {isa = PBXFileReference; lastKnownFileType = text.plist.entitlements; path = ar.entitlements; sourceTree = "<group>"; };
		F462A523E4EF6F9E447800B9 /* Pods-arUITests.release.xcconfig */ = {isa = PBXFileReference; includeInIndex = 1; lastKnownFileType = text.xcconfig; name = "Pods-arUITests.release.xcconfig"; path = "Pods/Target Support Files/Pods-arUITests/Pods-arUITests.release.xcconfig"; sourceTree = "<group>"; };
/* End PBXFileReference section */

/* Begin PBXFrameworksBuildPhase section */
		DD3DD650201D07F300D8C636 /* Frameworks */ = {
			isa = PBXFrameworksBuildPhase;
			buildActionMask = 2147483647;
			files = (
				DD3DD6E6201E9A6A00D8C636 /* nanopb.framework in Frameworks */,
				DD3DD6EA201E9AB400D8C636 /* leveldb-library.framework in Frameworks */,
				4DDA2D89F930DCB3F5F9DB9B /* Pods_ar.framework in Frameworks */,
			);
			runOnlyForDeploymentPostprocessing = 0;
		};
		DD3DD666201D080000D8C636 /* Frameworks */ = {
			isa = PBXFrameworksBuildPhase;
			buildActionMask = 2147483647;
			files = (
				97206E4FF34FE23D2D389AA2 /* Pods_arTests.framework in Frameworks */,
			);
			runOnlyForDeploymentPostprocessing = 0;
		};
		DD3DD671201D080100D8C636 /* Frameworks */ = {
			isa = PBXFrameworksBuildPhase;
			buildActionMask = 2147483647;
			files = (
				1E80820E9668ECC54D89BCE3 /* Pods_arUITests.framework in Frameworks */,
			);
			runOnlyForDeploymentPostprocessing = 0;
		};
/* End PBXFrameworksBuildPhase section */

/* Begin PBXGroup section */
		0D470C69DB91D314D512A119 /* Pods */ = {
			isa = PBXGroup;
			children = (
				CB6BC6C6479109CFB5EA3EAD /* Pods-ar.debug.xcconfig */,
				66ED8EBAA08206443B292C50 /* Pods-ar.release.xcconfig */,
				B90013F3631A4979D912120E /* Pods-arTests.debug.xcconfig */,
				8F74F5FDA190C36FF4E4FC5A /* Pods-arTests.release.xcconfig */,
				14AB89D630CACF96A2D39239 /* Pods-arUITests.debug.xcconfig */,
				F462A523E4EF6F9E447800B9 /* Pods-arUITests.release.xcconfig */,
			);
			name = Pods;
			sourceTree = "<group>";
		};
		4AEFCD03FE0C1D91ED58356F /* Frameworks */ = {
			isa = PBXGroup;
			children = (
				B93615100EB9E33A98F21943 /* Pods_ar.framework */,
				073DE3480C1A8CB685F7829E /* Pods_arTests.framework */,
				D056C72C21242E4745E1A85D /* Pods_arUITests.framework */,
			);
			name = Frameworks;
			sourceTree = "<group>";
		};
		DD3DD64A201D07F300D8C636 = {
			isa = PBXGroup;
			children = (
				DD3DD655201D07F300D8C636 /* ar */,
				DD3DD66C201D080000D8C636 /* arTests */,
				DD3DD677201D080100D8C636 /* arUITests */,
				DD3DD654201D07F300D8C636 /* Products */,
				0D470C69DB91D314D512A119 /* Pods */,
				4AEFCD03FE0C1D91ED58356F /* Frameworks */,
			);
			sourceTree = "<group>";
		};
		DD3DD654201D07F300D8C636 /* Products */ = {
			isa = PBXGroup;
			children = (
				DD3DD653201D07F300D8C636 /* ar.app */,
				DD3DD669201D080000D8C636 /* arTests.xctest */,
				DD3DD674201D080100D8C636 /* arUITests.xctest */,
			);
			name = Products;
			sourceTree = "<group>";
		};
		DD3DD655201D07F300D8C636 /* ar */ = {
			isa = PBXGroup;
			children = (
				DDE3EF9120225C0000F0F3ED /* ar.entitlements */,
				DD3DD686201D0C1500D8C636 /* Source */,
				DD3DD656201D07F300D8C636 /* AppDelegate.swift */,
				DD3DD658201D07F300D8C636 /* art.scnassets */,
				DD3DD65A201D07F300D8C636 /* ViewController.swift */,
				DDE3EF8F2020FAED00F0F3ED /* LoginController.swift */,
				DD3DD65C201D07F400D8C636 /* Main.storyboard */,
				DD3DD65F201D07FF00D8C636 /* Assets.xcassets */,
				DD3DD661201D07FF00D8C636 /* LaunchScreen.storyboard */,
				DD3DD664201D07FF00D8C636 /* Info.plist */,
				DD3DD6D7201E969400D8C636 /* GoogleService-Info.plist */,
				DD3DD6EB201E9B6200D8C636 /* module.modulemap */,
				DDE3EF8E201EA83000F0F3ED /* scavenger-bridging-header copy.h */,
				DDE3EF8B201E9FA100F0F3ED /* Firebase.h */,
				DD3DD6E9201E9AB400D8C636 /* leveldb-library.framework */,
				DD3DD6E5201E9A6A00D8C636 /* nanopb.framework */,
			);
			path = ar;
			sourceTree = "<group>";
		};
		DD3DD66C201D080000D8C636 /* arTests */ = {
			isa = PBXGroup;
			children = (
				DD3DD66D201D080000D8C636 /* arTests.swift */,
				DD3DD66F201D080000D8C636 /* Info.plist */,
			);
			path = arTests;
			sourceTree = "<group>";
		};
		DD3DD677201D080100D8C636 /* arUITests */ = {
			isa = PBXGroup;
			children = (
				DD3DD678201D080100D8C636 /* arUITests.swift */,
				DD3DD67A201D080100D8C636 /* Info.plist */,
			);
			path = arUITests;
			sourceTree = "<group>";
		};
		DD3DD686201D0C1500D8C636 /* Source */ = {
			isa = PBXGroup;
			children = (
				DD3DD687201D0C1500D8C636 /* SCNVector3+Extensions.swift */,
				DD3DD688201D0C1500D8C636 /* SceneLocationEstimate.swift */,
				DD3DD689201D0C1500D8C636 /* SceneLocationEstimate+Extensions.swift */,
				DD3DD68A201D0C1500D8C636 /* FloatingPoint+Radians.swift */,
				DD3DD68B201D0C1500D8C636 /* LocationNode.swift */,
				DD3DD68C201D0C1500D8C636 /* CGPoint+Extensions.swift */,
				DD3DD68D201D0C1500D8C636 /* CLLocation+Extensions.swift */,
				DD3DD68E201D0C1500D8C636 /* SceneLocationView.swift */,
				DD3DD68F201D0C1500D8C636 /* LocationManager.swift */,
				DD3DD690201D0C1500D8C636 /* SCNNode+Extensions.swift */,
			);
			path = Source;
			sourceTree = "<group>";
		};
/* End PBXGroup section */

/* Begin PBXNativeTarget section */
		DD3DD652201D07F300D8C636 /* ar */ = {
			isa = PBXNativeTarget;
			buildConfigurationList = DD3DD67D201D080100D8C636 /* Build configuration list for PBXNativeTarget "ar" */;
			buildPhases = (
				91D77F14853B311A6FB24C17 /* [CP] Check Pods Manifest.lock */,
				DD3DD64F201D07F300D8C636 /* Sources */,
				DD3DD650201D07F300D8C636 /* Frameworks */,
				DD3DD651201D07F300D8C636 /* Resources */,
				E6FE97DEEF1E49DA3BB577C7 /* [CP] Embed Pods Frameworks */,
				B89A1B91D99897CDE06F416C /* [CP] Copy Pods Resources */,
			);
			buildRules = (
			);
			dependencies = (
			);
			name = ar;
			productName = ar;
			productReference = DD3DD653201D07F300D8C636 /* ar.app */;
			productType = "com.apple.product-type.application";
		};
		DD3DD668201D080000D8C636 /* arTests */ = {
			isa = PBXNativeTarget;
			buildConfigurationList = DD3DD680201D080100D8C636 /* Build configuration list for PBXNativeTarget "arTests" */;
			buildPhases = (
				6A5F34677283C8E9BBB20EB8 /* [CP] Check Pods Manifest.lock */,
				DD3DD665201D080000D8C636 /* Sources */,
				DD3DD666201D080000D8C636 /* Frameworks */,
				DD3DD667201D080000D8C636 /* Resources */,
				A9A2709B60AABFCF42411B3C /* [CP] Embed Pods Frameworks */,
				095648F3C61C3DEC7AB61E67 /* [CP] Copy Pods Resources */,
			);
			buildRules = (
			);
			dependencies = (
				DD3DD66B201D080000D8C636 /* PBXTargetDependency */,
			);
			name = arTests;
			productName = arTests;
			productReference = DD3DD669201D080000D8C636 /* arTests.xctest */;
			productType = "com.apple.product-type.bundle.unit-test";
		};
		DD3DD673201D080100D8C636 /* arUITests */ = {
			isa = PBXNativeTarget;
			buildConfigurationList = DD3DD683201D080100D8C636 /* Build configuration list for PBXNativeTarget "arUITests" */;
			buildPhases = (
				BCFE706781B1990FE87EF960 /* [CP] Check Pods Manifest.lock */,
				DD3DD670201D080100D8C636 /* Sources */,
				DD3DD671201D080100D8C636 /* Frameworks */,
				DD3DD672201D080100D8C636 /* Resources */,
				08FFEDE4FC83CD675F40F58C /* [CP] Embed Pods Frameworks */,
				00995F49564749BBFDB41C3C /* [CP] Copy Pods Resources */,
			);
			buildRules = (
			);
			dependencies = (
				DD3DD676201D080100D8C636 /* PBXTargetDependency */,
			);
			name = arUITests;
			productName = arUITests;
			productReference = DD3DD674201D080100D8C636 /* arUITests.xctest */;
			productType = "com.apple.product-type.bundle.ui-testing";
		};
/* End PBXNativeTarget section */

/* Begin PBXProject section */
		DD3DD64B201D07F300D8C636 /* Project object */ = {
			isa = PBXProject;
			attributes = {
				LastSwiftUpdateCheck = 0930;
				LastUpgradeCheck = 0930;
				ORGANIZATIONNAME = EamonWhite;
				TargetAttributes = {
					DD3DD652201D07F300D8C636 = {
						CreatedOnToolsVersion = 9.3;
						SystemCapabilities = {
							com.apple.BackgroundModes = {
								enabled = 0;
							};
							com.apple.Push = {
								enabled = 1;
							};
						};
					};
					DD3DD668201D080000D8C636 = {
						CreatedOnToolsVersion = 9.3;
						TestTargetID = DD3DD652201D07F300D8C636;
					};
					DD3DD673201D080100D8C636 = {
						CreatedOnToolsVersion = 9.3;
						TestTargetID = DD3DD652201D07F300D8C636;
					};
				};
			};
			buildConfigurationList = DD3DD64E201D07F300D8C636 /* Build configuration list for PBXProject "ar" */;
			compatibilityVersion = "Xcode 9.3";
			developmentRegion = en;
			hasScannedForEncodings = 0;
			knownRegions = (
				en,
				Base,
			);
			mainGroup = DD3DD64A201D07F300D8C636;
			productRefGroup = DD3DD654201D07F300D8C636 /* Products */;
			projectDirPath = "";
			projectRoot = "";
			targets = (
				DD3DD652201D07F300D8C636 /* ar */,
				DD3DD668201D080000D8C636 /* arTests */,
				DD3DD673201D080100D8C636 /* arUITests */,
			);
		};
/* End PBXProject section */

/* Begin PBXResourcesBuildPhase section */
		DD3DD651201D07F300D8C636 /* Resources */ = {
			isa = PBXResourcesBuildPhase;
			buildActionMask = 2147483647;
			files = (
				DD3DD659201D07F300D8C636 /* art.scnassets in Resources */,
				DD3DD663201D07FF00D8C636 /* LaunchScreen.storyboard in Resources */,
				DD3DD660201D07FF00D8C636 /* Assets.xcassets in Resources */,
				DD3DD6D8201E969500D8C636 /* GoogleService-Info.plist in Resources */,
				DD3DD65E201D07F400D8C636 /* Main.storyboard in Resources */,
			);
			runOnlyForDeploymentPostprocessing = 0;
		};
		DD3DD667201D080000D8C636 /* Resources */ = {
			isa = PBXResourcesBuildPhase;
			buildActionMask = 2147483647;
			files = (
			);
			runOnlyForDeploymentPostprocessing = 0;
		};
		DD3DD672201D080100D8C636 /* Resources */ = {
			isa = PBXResourcesBuildPhase;
			buildActionMask = 2147483647;
			files = (
			);
			runOnlyForDeploymentPostprocessing = 0;
		};
/* End PBXResourcesBuildPhase section */

/* Begin PBXShellScriptBuildPhase section */
		00995F49564749BBFDB41C3C /* [CP] Copy Pods Resources */ = {
			isa = PBXShellScriptBuildPhase;
			buildActionMask = 2147483647;
			files = (
			);
			inputPaths = (
			);
			name = "[CP] Copy Pods Resources";
			outputPaths = (
			);
			runOnlyForDeploymentPostprocessing = 0;
			shellPath = /bin/sh;
			shellScript = "\"${SRCROOT}/Pods/Target Support Files/Pods-arUITests/Pods-arUITests-resources.sh\"\n";
			showEnvVarsInLog = 0;
		};
		08FFEDE4FC83CD675F40F58C /* [CP] Embed Pods Frameworks */ = {
			isa = PBXShellScriptBuildPhase;
			buildActionMask = 2147483647;
			files = (
			);
			inputPaths = (
			);
			name = "[CP] Embed Pods Frameworks";
			outputPaths = (
			);
			runOnlyForDeploymentPostprocessing = 0;
			shellPath = /bin/sh;
			shellScript = "\"${SRCROOT}/Pods/Target Support Files/Pods-arUITests/Pods-arUITests-frameworks.sh\"\n";
			showEnvVarsInLog = 0;
		};
		095648F3C61C3DEC7AB61E67 /* [CP] Copy Pods Resources */ = {
			isa = PBXShellScriptBuildPhase;
			buildActionMask = 2147483647;
			files = (
			);
			inputPaths = (
			);
			name = "[CP] Copy Pods Resources";
			outputPaths = (
			);
			runOnlyForDeploymentPostprocessing = 0;
			shellPath = /bin/sh;
			shellScript = "\"${SRCROOT}/Pods/Target Support Files/Pods-arTests/Pods-arTests-resources.sh\"\n";
			showEnvVarsInLog = 0;
		};
		6A5F34677283C8E9BBB20EB8 /* [CP] Check Pods Manifest.lock */ = {
			isa = PBXShellScriptBuildPhase;
			buildActionMask = 2147483647;
			files = (
			);
			inputPaths = (
				"${PODS_PODFILE_DIR_PATH}/Podfile.lock",
				"${PODS_ROOT}/Manifest.lock",
			);
			name = "[CP] Check Pods Manifest.lock";
			outputPaths = (
				"$(DERIVED_FILE_DIR)/Pods-arTests-checkManifestLockResult.txt",
			);
			runOnlyForDeploymentPostprocessing = 0;
			shellPath = /bin/sh;
			shellScript = "diff \"${PODS_PODFILE_DIR_PATH}/Podfile.lock\" \"${PODS_ROOT}/Manifest.lock\" > /dev/null\nif [ $? != 0 ] ; then\n    # print error to STDERR\n    echo \"error: The sandbox is not in sync with the Podfile.lock. Run 'pod install' or update your CocoaPods installation.\" >&2\n    exit 1\nfi\n# This output is used by Xcode 'outputs' to avoid re-running this script phase.\necho \"SUCCESS\" > \"${SCRIPT_OUTPUT_FILE_0}\"\n";
			showEnvVarsInLog = 0;
		};
		91D77F14853B311A6FB24C17 /* [CP] Check Pods Manifest.lock */ = {
			isa = PBXShellScriptBuildPhase;
			buildActionMask = 2147483647;
			files = (
			);
			inputPaths = (
				"${PODS_PODFILE_DIR_PATH}/Podfile.lock",
				"${PODS_ROOT}/Manifest.lock",
			);
			name = "[CP] Check Pods Manifest.lock";
			outputPaths = (
				"$(DERIVED_FILE_DIR)/Pods-ar-checkManifestLockResult.txt",
			);
			runOnlyForDeploymentPostprocessing = 0;
			shellPath = /bin/sh;
			shellScript = "diff \"${PODS_PODFILE_DIR_PATH}/Podfile.lock\" \"${PODS_ROOT}/Manifest.lock\" > /dev/null\nif [ $? != 0 ] ; then\n    # print error to STDERR\n    echo \"error: The sandbox is not in sync with the Podfile.lock. Run 'pod install' or update your CocoaPods installation.\" >&2\n    exit 1\nfi\n# This output is used by Xcode 'outputs' to avoid re-running this script phase.\necho \"SUCCESS\" > \"${SCRIPT_OUTPUT_FILE_0}\"\n";
			showEnvVarsInLog = 0;
		};
		A9A2709B60AABFCF42411B3C /* [CP] Embed Pods Frameworks */ = {
			isa = PBXShellScriptBuildPhase;
			buildActionMask = 2147483647;
			files = (
			);
			inputPaths = (
			);
			name = "[CP] Embed Pods Frameworks";
			outputPaths = (
			);
			runOnlyForDeploymentPostprocessing = 0;
			shellPath = /bin/sh;
			shellScript = "\"${SRCROOT}/Pods/Target Support Files/Pods-arTests/Pods-arTests-frameworks.sh\"\n";
			showEnvVarsInLog = 0;
		};
		B89A1B91D99897CDE06F416C /* [CP] Copy Pods Resources */ = {
			isa = PBXShellScriptBuildPhase;
			buildActionMask = 2147483647;
			files = (
			);
			inputPaths = (
				"${SRCROOT}/Pods/Target Support Files/Pods-ar/Pods-ar-resources.sh",
				"${PODS_ROOT}/GooglePlaces/Frameworks/GooglePlaces.framework/Resources/GooglePlaces.bundle",
			);
			name = "[CP] Copy Pods Resources";
			outputPaths = (
				"${TARGET_BUILD_DIR}/${UNLOCALIZED_RESOURCES_FOLDER_PATH}/GooglePlaces.bundle",
			);
			runOnlyForDeploymentPostprocessing = 0;
			shellPath = /bin/sh;
			shellScript = "\"${SRCROOT}/Pods/Target Support Files/Pods-ar/Pods-ar-resources.sh\"\n";
			showEnvVarsInLog = 0;
		};
		BCFE706781B1990FE87EF960 /* [CP] Check Pods Manifest.lock */ = {
			isa = PBXShellScriptBuildPhase;
			buildActionMask = 2147483647;
			files = (
			);
			inputPaths = (
				"${PODS_PODFILE_DIR_PATH}/Podfile.lock",
				"${PODS_ROOT}/Manifest.lock",
			);
			name = "[CP] Check Pods Manifest.lock";
			outputPaths = (
				"$(DERIVED_FILE_DIR)/Pods-arUITests-checkManifestLockResult.txt",
			);
			runOnlyForDeploymentPostprocessing = 0;
			shellPath = /bin/sh;
			shellScript = "diff \"${PODS_PODFILE_DIR_PATH}/Podfile.lock\" \"${PODS_ROOT}/Manifest.lock\" > /dev/null\nif [ $? != 0 ] ; then\n    # print error to STDERR\n    echo \"error: The sandbox is not in sync with the Podfile.lock. Run 'pod install' or update your CocoaPods installation.\" >&2\n    exit 1\nfi\n# This output is used by Xcode 'outputs' to avoid re-running this script phase.\necho \"SUCCESS\" > \"${SCRIPT_OUTPUT_FILE_0}\"\n";
			showEnvVarsInLog = 0;
		};
		E6FE97DEEF1E49DA3BB577C7 /* [CP] Embed Pods Frameworks */ = {
			isa = PBXShellScriptBuildPhase;
			buildActionMask = 2147483647;
			files = (
			);
			inputPaths = (
				"${SRCROOT}/Pods/Target Support Files/Pods-ar/Pods-ar-frameworks.sh",
				"${BUILT_PRODUCTS_DIR}/GeoFire/GeoFire.framework",
				"${BUILT_PRODUCTS_DIR}/GoogleToolboxForMac/GoogleToolboxForMac.framework",
				"${BUILT_PRODUCTS_DIR}/leveldb-library/leveldb.framework",
				"${BUILT_PRODUCTS_DIR}/nanopb/nanopb.framework",
			);
			name = "[CP] Embed Pods Frameworks";
			outputPaths = (
				"${TARGET_BUILD_DIR}/${FRAMEWORKS_FOLDER_PATH}/GeoFire.framework",
				"${TARGET_BUILD_DIR}/${FRAMEWORKS_FOLDER_PATH}/GoogleToolboxForMac.framework",
				"${TARGET_BUILD_DIR}/${FRAMEWORKS_FOLDER_PATH}/leveldb.framework",
				"${TARGET_BUILD_DIR}/${FRAMEWORKS_FOLDER_PATH}/nanopb.framework",
			);
			runOnlyForDeploymentPostprocessing = 0;
			shellPath = /bin/sh;
			shellScript = "\"${SRCROOT}/Pods/Target Support Files/Pods-ar/Pods-ar-frameworks.sh\"\n";
			showEnvVarsInLog = 0;
		};
/* End PBXShellScriptBuildPhase section */

/* Begin PBXSourcesBuildPhase section */
		DD3DD64F201D07F300D8C636 /* Sources */ = {
			isa = PBXSourcesBuildPhase;
			buildActionMask = 2147483647;
			files = (
				DD3DD69A201D0C1600D8C636 /* SCNNode+Extensions.swift in Sources */,
				DD3DD698201D0C1600D8C636 /* SceneLocationView.swift in Sources */,
				DDE3EF902020FAED00F0F3ED /* LoginController.swift in Sources */,
				DD3DD65B201D07F300D8C636 /* ViewController.swift in Sources */,
				DD3DD697201D0C1600D8C636 /* CLLocation+Extensions.swift in Sources */,
				DD3DD699201D0C1600D8C636 /* LocationManager.swift in Sources */,
				DD3DD692201D0C1600D8C636 /* SceneLocationEstimate.swift in Sources */,
				DD3DD696201D0C1600D8C636 /* CGPoint+Extensions.swift in Sources */,
				DD3DD691201D0C1600D8C636 /* SCNVector3+Extensions.swift in Sources */,
				DD3DD695201D0C1600D8C636 /* LocationNode.swift in Sources */,
				DD3DD693201D0C1600D8C636 /* SceneLocationEstimate+Extensions.swift in Sources */,
				DD3DD657201D07F300D8C636 /* AppDelegate.swift in Sources */,
				DD3DD694201D0C1600D8C636 /* FloatingPoint+Radians.swift in Sources */,
			);
			runOnlyForDeploymentPostprocessing = 0;
		};
		DD3DD665201D080000D8C636 /* Sources */ = {
			isa = PBXSourcesBuildPhase;
			buildActionMask = 2147483647;
			files = (
				DD3DD66E201D080000D8C636 /* arTests.swift in Sources */,
			);
			runOnlyForDeploymentPostprocessing = 0;
		};
		DD3DD670201D080100D8C636 /* Sources */ = {
			isa = PBXSourcesBuildPhase;
			buildActionMask = 2147483647;
			files = (
				DD3DD679201D080100D8C636 /* arUITests.swift in Sources */,
			);
			runOnlyForDeploymentPostprocessing = 0;
		};
/* End PBXSourcesBuildPhase section */

/* Begin PBXTargetDependency section */
		DD3DD66B201D080000D8C636 /* PBXTargetDependency */ = {
			isa = PBXTargetDependency;
			target = DD3DD652201D07F300D8C636 /* ar */;
			targetProxy = DD3DD66A201D080000D8C636 /* PBXContainerItemProxy */;
		};
		DD3DD676201D080100D8C636 /* PBXTargetDependency */ = {
			isa = PBXTargetDependency;
			target = DD3DD652201D07F300D8C636 /* ar */;
			targetProxy = DD3DD675201D080100D8C636 /* PBXContainerItemProxy */;
		};
/* End PBXTargetDependency section */

/* Begin PBXVariantGroup section */
		DD3DD65C201D07F400D8C636 /* Main.storyboard */ = {
			isa = PBXVariantGroup;
			children = (
				DD3DD65D201D07F400D8C636 /* Base */,
			);
			name = Main.storyboard;
			sourceTree = "<group>";
		};
		DD3DD661201D07FF00D8C636 /* LaunchScreen.storyboard */ = {
			isa = PBXVariantGroup;
			children = (
				DD3DD662201D07FF00D8C636 /* Base */,
			);
			name = LaunchScreen.storyboard;
			sourceTree = "<group>";
		};
/* End PBXVariantGroup section */

/* Begin XCBuildConfiguration section */
		DD3DD67B201D080100D8C636 /* Debug */ = {
			isa = XCBuildConfiguration;
			buildSettings = {
				ALWAYS_SEARCH_USER_PATHS = NO;
				CLANG_ANALYZER_NONNULL = YES;
				CLANG_ANALYZER_NUMBER_OBJECT_CONVERSION = YES_AGGRESSIVE;
				CLANG_CXX_LANGUAGE_STANDARD = "gnu++14";
				CLANG_CXX_LIBRARY = "libc++";
				CLANG_ENABLE_MODULES = YES;
				CLANG_ENABLE_OBJC_ARC = YES;
				CLANG_ENABLE_OBJC_WEAK = YES;
				CLANG_WARN_BLOCK_CAPTURE_AUTORELEASING = YES;
				CLANG_WARN_BOOL_CONVERSION = YES;
				CLANG_WARN_COMMA = YES;
				CLANG_WARN_CONSTANT_CONVERSION = YES;
				CLANG_WARN_DEPRECATED_OBJC_IMPLEMENTATIONS = YES;
				CLANG_WARN_DIRECT_OBJC_ISA_USAGE = YES_ERROR;
				CLANG_WARN_DOCUMENTATION_COMMENTS = YES;
				CLANG_WARN_EMPTY_BODY = YES;
				CLANG_WARN_ENUM_CONVERSION = YES;
				CLANG_WARN_INFINITE_RECURSION = YES;
				CLANG_WARN_INT_CONVERSION = YES;
				CLANG_WARN_NON_LITERAL_NULL_CONVERSION = YES;
				CLANG_WARN_OBJC_IMPLICIT_RETAIN_SELF = YES;
				CLANG_WARN_OBJC_LITERAL_CONVERSION = YES;
				CLANG_WARN_OBJC_ROOT_CLASS = YES_ERROR;
				CLANG_WARN_RANGE_LOOP_ANALYSIS = YES;
				CLANG_WARN_STRICT_PROTOTYPES = YES;
				CLANG_WARN_SUSPICIOUS_MOVE = YES;
				CLANG_WARN_UNGUARDED_AVAILABILITY = YES_AGGRESSIVE;
				CLANG_WARN_UNREACHABLE_CODE = YES;
				CLANG_WARN__DUPLICATE_METHOD_MATCH = YES;
				CODE_SIGN_IDENTITY = "iPhone Developer";
				COPY_PHASE_STRIP = NO;
				DEBUG_INFORMATION_FORMAT = dwarf;
				ENABLE_STRICT_OBJC_MSGSEND = YES;
				ENABLE_TESTABILITY = YES;
				GCC_C_LANGUAGE_STANDARD = gnu11;
				GCC_DYNAMIC_NO_PIC = NO;
				GCC_NO_COMMON_BLOCKS = YES;
				GCC_OPTIMIZATION_LEVEL = 0;
				GCC_PREPROCESSOR_DEFINITIONS = (
					"DEBUG=1",
					"$(inherited)",
				);
				GCC_WARN_64_TO_32_BIT_CONVERSION = YES;
				GCC_WARN_ABOUT_RETURN_TYPE = YES_ERROR;
				GCC_WARN_UNDECLARED_SELECTOR = YES;
				GCC_WARN_UNINITIALIZED_AUTOS = YES_AGGRESSIVE;
				GCC_WARN_UNUSED_FUNCTION = YES;
				GCC_WARN_UNUSED_VARIABLE = YES;
				IPHONEOS_DEPLOYMENT_TARGET = 11.3;
				MTL_ENABLE_DEBUG_INFO = YES;
				ONLY_ACTIVE_ARCH = YES;
				SDKROOT = iphoneos;
				SWIFT_ACTIVE_COMPILATION_CONDITIONS = DEBUG;
				SWIFT_OPTIMIZATION_LEVEL = "-Onone";
			};
			name = Debug;
		};
		DD3DD67C201D080100D8C636 /* Release */ = {
			isa = XCBuildConfiguration;
			buildSettings = {
				ALWAYS_SEARCH_USER_PATHS = NO;
				CLANG_ANALYZER_NONNULL = YES;
				CLANG_ANALYZER_NUMBER_OBJECT_CONVERSION = YES_AGGRESSIVE;
				CLANG_CXX_LANGUAGE_STANDARD = "gnu++14";
				CLANG_CXX_LIBRARY = "libc++";
				CLANG_ENABLE_MODULES = YES;
				CLANG_ENABLE_OBJC_ARC = YES;
				CLANG_ENABLE_OBJC_WEAK = YES;
				CLANG_WARN_BLOCK_CAPTURE_AUTORELEASING = YES;
				CLANG_WARN_BOOL_CONVERSION = YES;
				CLANG_WARN_COMMA = YES;
				CLANG_WARN_CONSTANT_CONVERSION = YES;
				CLANG_WARN_DEPRECATED_OBJC_IMPLEMENTATIONS = YES;
				CLANG_WARN_DIRECT_OBJC_ISA_USAGE = YES_ERROR;
				CLANG_WARN_DOCUMENTATION_COMMENTS = YES;
				CLANG_WARN_EMPTY_BODY = YES;
				CLANG_WARN_ENUM_CONVERSION = YES;
				CLANG_WARN_INFINITE_RECURSION = YES;
				CLANG_WARN_INT_CONVERSION = YES;
				CLANG_WARN_NON_LITERAL_NULL_CONVERSION = YES;
				CLANG_WARN_OBJC_IMPLICIT_RETAIN_SELF = YES;
				CLANG_WARN_OBJC_LITERAL_CONVERSION = YES;
				CLANG_WARN_OBJC_ROOT_CLASS = YES_ERROR;
				CLANG_WARN_RANGE_LOOP_ANALYSIS = YES;
				CLANG_WARN_STRICT_PROTOTYPES = YES;
				CLANG_WARN_SUSPICIOUS_MOVE = YES;
				CLANG_WARN_UNGUARDED_AVAILABILITY = YES_AGGRESSIVE;
				CLANG_WARN_UNREACHABLE_CODE = YES;
				CLANG_WARN__DUPLICATE_METHOD_MATCH = YES;
				CODE_SIGN_IDENTITY = "iPhone Developer";
				COPY_PHASE_STRIP = NO;
				DEBUG_INFORMATION_FORMAT = "dwarf-with-dsym";
				ENABLE_NS_ASSERTIONS = NO;
				ENABLE_STRICT_OBJC_MSGSEND = YES;
				GCC_C_LANGUAGE_STANDARD = gnu11;
				GCC_NO_COMMON_BLOCKS = YES;
				GCC_WARN_64_TO_32_BIT_CONVERSION = YES;
				GCC_WARN_ABOUT_RETURN_TYPE = YES_ERROR;
				GCC_WARN_UNDECLARED_SELECTOR = YES;
				GCC_WARN_UNINITIALIZED_AUTOS = YES_AGGRESSIVE;
				GCC_WARN_UNUSED_FUNCTION = YES;
				GCC_WARN_UNUSED_VARIABLE = YES;
				IPHONEOS_DEPLOYMENT_TARGET = 11.3;
				MTL_ENABLE_DEBUG_INFO = NO;
				SDKROOT = iphoneos;
				SWIFT_OPTIMIZATION_LEVEL = "-Owholemodule";
				VALIDATE_PRODUCT = YES;
			};
			name = Release;
		};
		DD3DD67E201D080100D8C636 /* Debug */ = {
			isa = XCBuildConfiguration;
			baseConfigurationReference = CB6BC6C6479109CFB5EA3EAD /* Pods-ar.debug.xcconfig */;
			buildSettings = {
				ASSETCATALOG_COMPILER_APPICON_NAME = AppIcon;
				CODE_SIGN_ENTITLEMENTS = ar/ar.entitlements;
				CODE_SIGN_STYLE = Automatic;
				DEVELOPMENT_TEAM = 6U9867H5L6;
				FRAMEWORK_SEARCH_PATHS = (
					"$(inherited)",
					"$(PROJECT_DIR)/ar",
				);
				HEADER_SEARCH_PATHS = (
					"$(inherited)",
					"${PODS_ROOT}/Firebase/Core/Sources",
					"\"${PODS_ROOT}/Headers/Public\"",
					"\"${PODS_ROOT}/Headers/Public/Firebase\"",
					"\"${PODS_ROOT}/Headers/Public/FirebaseAnalytics\"",
					"\"${PODS_ROOT}/Headers/Public/FirebaseCore\"",
					"\"${PODS_ROOT}/Headers/Public/FirebaseDatabase\"",
					"\"${PODS_ROOT}/Headers/Public/FirebaseInstanceID\"",
					"\"${PODS_ROOT}/Headers/Public/GoogleMaps\"",
					"\"${PODS_ROOT}/Headers/Public/GooglePlaces\"",
				);
				INFOPLIST_FILE = ar/Info.plist;
				IPHONEOS_DEPLOYMENT_TARGET = 11.3;
				LD_RUNPATH_SEARCH_PATHS = (
					"$(inherited)",
					"@executable_path/Frameworks",
				);
				OTHER_LDFLAGS = (
					"-ObjC",
					"$(inherited)",
				);
				PRODUCT_BUNDLE_IDENTIFIER = com.eamon.ar;
				PRODUCT_NAME = "$(TARGET_NAME)";
				SWIFT_OBJC_BRIDGING_HEADER = "/Users/eamonwhite/ar/ar/ar/scavenger-bridging-header copy.h";
				SWIFT_VERSION = 4.0;
				TARGETED_DEVICE_FAMILY = "1,2";
				USER_HEADER_SEARCH_PATHS = /Users/eamonwhite/ar/ar;
			};
			name = Debug;
		};
		DD3DD67F201D080100D8C636 /* Release */ = {
			isa = XCBuildConfiguration;
			baseConfigurationReference = 66ED8EBAA08206443B292C50 /* Pods-ar.release.xcconfig */;
			buildSettings = {
				ASSETCATALOG_COMPILER_APPICON_NAME = AppIcon;
				CODE_SIGN_ENTITLEMENTS = ar/ar.entitlements;
				CODE_SIGN_STYLE = Automatic;
				DEVELOPMENT_TEAM = 6U9867H5L6;
				FRAMEWORK_SEARCH_PATHS = (
					"$(inherited)",
					"$(PROJECT_DIR)/ar",
				);
				HEADER_SEARCH_PATHS = (
					"$(inherited)",
					"${PODS_ROOT}/Firebase/Core/Sources",
					"\"${PODS_ROOT}/Headers/Public\"",
					"\"${PODS_ROOT}/Headers/Public/Firebase\"",
					"\"${PODS_ROOT}/Headers/Public/FirebaseAnalytics\"",
					"\"${PODS_ROOT}/Headers/Public/FirebaseCore\"",
					"\"${PODS_ROOT}/Headers/Public/FirebaseDatabase\"",
					"\"${PODS_ROOT}/Headers/Public/FirebaseInstanceID\"",
					"\"${PODS_ROOT}/Headers/Public/GoogleMaps\"",
					"\"${PODS_ROOT}/Headers/Public/GooglePlaces\"",
				);
				INFOPLIST_FILE = ar/Info.plist;
				IPHONEOS_DEPLOYMENT_TARGET = 11.3;
				LD_RUNPATH_SEARCH_PATHS = (
					"$(inherited)",
					"@executable_path/Frameworks",
				);
				OTHER_LDFLAGS = (
					"-ObjC",
					"$(inherited)",
				);
				PRODUCT_BUNDLE_IDENTIFIER = com.eamon.ar;
				PRODUCT_NAME = "$(TARGET_NAME)";
				SWIFT_OBJC_BRIDGING_HEADER = "/Users/eamonwhite/ar/ar/ar/scavenger-bridging-header copy.h";
				SWIFT_VERSION = 4.0;
				TARGETED_DEVICE_FAMILY = "1,2";
				USER_HEADER_SEARCH_PATHS = /Users/eamonwhite/ar/ar;
			};
			name = Release;
		};
		DD3DD681201D080100D8C636 /* Debug */ = {
			isa = XCBuildConfiguration;
			baseConfigurationReference = B90013F3631A4979D912120E /* Pods-arTests.debug.xcconfig */;
			buildSettings = {
				ALWAYS_EMBED_SWIFT_STANDARD_LIBRARIES = YES;
				BUNDLE_LOADER = "$(TEST_HOST)";
				CODE_SIGN_STYLE = Automatic;
				DEVELOPMENT_TEAM = 6U9867H5L6;
				HEADER_SEARCH_PATHS = (
					"$(inherited)/**",
					/Users/eamonwhite/ar/ar/ar,
					"${PODS_ROOT}/Firebase/Core",
					"${PODS_ROOT}/Headers/Public/**",
					"\"${PODS_ROOT}/Headers/Public/GeoFire\"",
					/Users/eamonwhite/ar/ar/Pods/GeoFire/GeoFire/API,
				);
				INFOPLIST_FILE = arTests/Info.plist;
				LD_RUNPATH_SEARCH_PATHS = (
					"$(inherited)",
					"@executable_path/Frameworks",
					"@loader_path/Frameworks",
				);
				PRODUCT_BUNDLE_IDENTIFIER = com.eamon.arTests;
				PRODUCT_NAME = "$(TARGET_NAME)";
				SWIFT_VERSION = 4.0;
				TARGETED_DEVICE_FAMILY = "1,2";
				TEST_HOST = "$(BUILT_PRODUCTS_DIR)/ar.app/ar";
			};
			name = Debug;
		};
		DD3DD682201D080100D8C636 /* Release */ = {
			isa = XCBuildConfiguration;
			baseConfigurationReference = 8F74F5FDA190C36FF4E4FC5A /* Pods-arTests.release.xcconfig */;
			buildSettings = {
				ALWAYS_EMBED_SWIFT_STANDARD_LIBRARIES = YES;
				BUNDLE_LOADER = "$(TEST_HOST)";
				CODE_SIGN_STYLE = Automatic;
				DEVELOPMENT_TEAM = 6U9867H5L6;
				HEADER_SEARCH_PATHS = (
					"$(inherited)/**",
					/Users/eamonwhite/ar/ar/ar,
					"${PODS_ROOT}/Firebase/Core",
					"${PODS_ROOT}/Headers/Public/**",
					"\"${PODS_ROOT}/Headers/Public/GeoFire\"",
					/Users/eamonwhite/ar/ar/Pods/GeoFire/GeoFire/API,
				);
				INFOPLIST_FILE = arTests/Info.plist;
				LD_RUNPATH_SEARCH_PATHS = (
					"$(inherited)",
					"@executable_path/Frameworks",
					"@loader_path/Frameworks",
				);
				PRODUCT_BUNDLE_IDENTIFIER = com.eamon.arTests;
				PRODUCT_NAME = "$(TARGET_NAME)";
				SWIFT_VERSION = 4.0;
				TARGETED_DEVICE_FAMILY = "1,2";
				TEST_HOST = "$(BUILT_PRODUCTS_DIR)/ar.app/ar";
			};
			name = Release;
		};
		DD3DD684201D080100D8C636 /* Debug */ = {
			isa = XCBuildConfiguration;
			baseConfigurationReference = 14AB89D630CACF96A2D39239 /* Pods-arUITests.debug.xcconfig */;
			buildSettings = {
				ALWAYS_EMBED_SWIFT_STANDARD_LIBRARIES = YES;
				CODE_SIGN_STYLE = Automatic;
				DEVELOPMENT_TEAM = 6U9867H5L6;
				INFOPLIST_FILE = arUITests/Info.plist;
				LD_RUNPATH_SEARCH_PATHS = (
					"$(inherited)",
					"@executable_path/Frameworks",
					"@loader_path/Frameworks",
				);
				PRODUCT_BUNDLE_IDENTIFIER = com.eamon.arUITests;
				PRODUCT_NAME = "$(TARGET_NAME)";
				SWIFT_VERSION = 4.0;
				TARGETED_DEVICE_FAMILY = "1,2";
				TEST_TARGET_NAME = ar;
			};
			name = Debug;
		};
		DD3DD685201D080100D8C636 /* Release */ = {
			isa = XCBuildConfiguration;
			baseConfigurationReference = F462A523E4EF6F9E447800B9 /* Pods-arUITests.release.xcconfig */;
			buildSettings = {
				ALWAYS_EMBED_SWIFT_STANDARD_LIBRARIES = YES;
				CODE_SIGN_STYLE = Automatic;
				DEVELOPMENT_TEAM = 6U9867H5L6;
				INFOPLIST_FILE = arUITests/Info.plist;
				LD_RUNPATH_SEARCH_PATHS = (
					"$(inherited)",
					"@executable_path/Frameworks",
					"@loader_path/Frameworks",
				);
				PRODUCT_BUNDLE_IDENTIFIER = com.eamon.arUITests;
				PRODUCT_NAME = "$(TARGET_NAME)";
				SWIFT_VERSION = 4.0;
				TARGETED_DEVICE_FAMILY = "1,2";
				TEST_TARGET_NAME = ar;
			};
			name = Release;
		};
/* End XCBuildConfiguration section */

/* Begin XCConfigurationList section */
		DD3DD64E201D07F300D8C636 /* Build configuration list for PBXProject "ar" */ = {
			isa = XCConfigurationList;
			buildConfigurations = (
				DD3DD67B201D080100D8C636 /* Debug */,
				DD3DD67C201D080100D8C636 /* Release */,
			);
			defaultConfigurationIsVisible = 0;
			defaultConfigurationName = Release;
		};
		DD3DD67D201D080100D8C636 /* Build configuration list for PBXNativeTarget "ar" */ = {
			isa = XCConfigurationList;
			buildConfigurations = (
				DD3DD67E201D080100D8C636 /* Debug */,
				DD3DD67F201D080100D8C636 /* Release */,
			);
			defaultConfigurationIsVisible = 0;
			defaultConfigurationName = Release;
		};
		DD3DD680201D080100D8C636 /* Build configuration list for PBXNativeTarget "arTests" */ = {
			isa = XCConfigurationList;
			buildConfigurations = (
				DD3DD681201D080100D8C636 /* Debug */,
				DD3DD682201D080100D8C636 /* Release */,
			);
			defaultConfigurationIsVisible = 0;
			defaultConfigurationName = Release;
		};
		DD3DD683201D080100D8C636 /* Build configuration list for PBXNativeTarget "arUITests" */ = {
			isa = XCConfigurationList;
			buildConfigurations = (
				DD3DD684201D080100D8C636 /* Debug */,
				DD3DD685201D080100D8C636 /* Release */,
			);
			defaultConfigurationIsVisible = 0;
			defaultConfigurationName = Release;
		};
/* End XCConfigurationList section */
	};
	rootObject = DD3DD64B201D07F300D8C636 /* Project object */;
}
